
Microsoft Visual Studio Solution File, Format Version 12.00
# Visual Studio 15
VisualStudioVersion = 15.0.27703.2026
MinimumVisualStudioVersion = 10.0.40219.1
Project("{9A19103F-16F7-4668-BE54-9A1E7A4F7556}") = "YouDefine", "YouDefine\YouDefine.csproj", "{5790FB07-A9E4-4910-8C58-60BC05CBD19D}"
EndProject
Global
	GlobalSection(SolutionConfigurationPlatforms) = preSolution
		Debug|Any CPU = Debug|Any CPU
		Release|Any CPU = Release|Any CPU
	EndGlobalSection
	GlobalSection(ProjectConfigurationPlatforms) = postSolution
		{5790FB07-A9E4-4910-8C58-60BC05CBD19D}.Debug|Any CPU.ActiveCfg = Debug|Any CPU
		{5790FB07-A9E4-4910-8C58-60BC05CBD19D}.Debug|Any CPU.Build.0 = Debug|Any CPU
		{5790FB07-A9E4-4910-8C58-60BC05CBD19D}.Release|Any CPU.ActiveCfg = Release|Any CPU
		{5790FB07-A9E4-4910-8C58-60BC05CBD19D}.Release|Any CPU.Build.0 = Release|Any CPU
	EndGlobalSection
	GlobalSection(SolutionProperties) = preSolution
		HideSolutionNode = FALSE
	EndGlobalSection
	GlobalSection(ExtensibilityGlobals) = postSolution
		SolutionGuid = {37BC89C6-DEC6-46FC-B087-5D2E223C6B87}
	EndGlobalSection
EndGlobal
